
Microsoft Visual Studio Solution File, Format Version 12.00
# Visual Studio 14
VisualStudioVersion = 14.0.24720.0
MinimumVisualStudioVersion = 10.0.40219.1
Project("{FAE04EC0-301F-11D3-BF4B-00C04F79EFBC}") = "PiSSD", "PiSSD.csproj", "{FFC5FB10-58A0-4A40-984A-D7A3F498D850}"
EndProject
Project("{FAE04EC0-301F-11D3-BF4B-00C04F79EFBC}") = "PiSSDDemo", "..\PiSSDDemo\PiSSDDemo.csproj", "{85F5EAC2-E0DA-4481-B848-4CE424ED149C}"
EndProject
Global
	GlobalSection(SolutionConfigurationPlatforms) = preSolution
		Debug|Any CPU = Debug|Any CPU
		Debug|ARM = Debug|ARM
		Debug|x64 = Debug|x64
		Debug|x86 = Debug|x86
		Release|Any CPU = Release|Any CPU
		Release|ARM = Release|ARM
		Release|x64 = Release|x64
		Release|x86 = Release|x86
	EndGlobalSection
	GlobalSection(ProjectConfigurationPlatforms) = postSolution
		{FFC5FB10-58A0-4A40-984A-D7A3F498D850}.Debug|Any CPU.ActiveCfg = Debug|Any CPU
		{FFC5FB10-58A0-4A40-984A-D7A3F498D850}.Debug|Any CPU.Build.0 = Debug|Any CPU
		{FFC5FB10-58A0-4A40-984A-D7A3F498D850}.Debug|ARM.ActiveCfg = Debug|ARM
		{FFC5FB10-58A0-4A40-984A-D7A3F498D850}.Debug|ARM.Build.0 = Debug|ARM
		{FFC5FB10-58A0-4A40-984A-D7A3F498D850}.Debug|x64.ActiveCfg = Debug|x64
		{FFC5FB10-58A0-4A40-984A-D7A3F498D850}.Debug|x64.Build.0 = Debug|x64
		{FFC5FB10-58A0-4A40-984A-D7A3F498D850}.Debug|x86.ActiveCfg = Debug|x86
		{FFC5FB10-58A0-4A40-984A-D7A3F498D850}.Debug|x86.Build.0 = Debug|x86
		{FFC5FB10-58A0-4A40-984A-D7A3F498D850}.Release|Any CPU.ActiveCfg = Release|Any CPU
		{FFC5FB10-58A0-4A40-984A-D7A3F498D850}.Release|Any CPU.Build.0 = Release|Any CPU
		{FFC5FB10-58A0-4A40-984A-D7A3F498D850}.Release|ARM.ActiveCfg = Release|ARM
		{FFC5FB10-58A0-4A40-984A-D7A3F498D850}.Release|ARM.Build.0 = Release|ARM
		{FFC5FB10-58A0-4A40-984A-D7A3F498D850}.Release|x64.ActiveCfg = Release|x64
		{FFC5FB10-58A0-4A40-984A-D7A3F498D850}.Release|x64.Build.0 = Release|x64
		{FFC5FB10-58A0-4A40-984A-D7A3F498D850}.Release|x86.ActiveCfg = Release|x86
		{FFC5FB10-58A0-4A40-984A-D7A3F498D850}.Release|x86.Build.0 = Release|x86
		{85F5EAC2-E0DA-4481-B848-4CE424ED149C}.Debug|Any CPU.ActiveCfg = Debug|x86
		{85F5EAC2-E0DA-4481-B848-4CE424ED149C}.Debug|ARM.ActiveCfg = Debug|ARM
		{85F5EAC2-E0DA-4481-B848-4CE424ED149C}.Debug|ARM.Build.0 = Debug|ARM
		{85F5EAC2-E0DA-4481-B848-4CE424ED149C}.Debug|ARM.Deploy.0 = Debug|ARM
		{85F5EAC2-E0DA-4481-B848-4CE424ED149C}.Debug|x64.ActiveCfg = Debug|x64
		{85F5EAC2-E0DA-4481-B848-4CE424ED149C}.Debug|x64.Build.0 = Debug|x64
		{85F5EAC2-E0DA-4481-B848-4CE424ED149C}.Debug|x64.Deploy.0 = Debug|x64
		{85F5EAC2-E0DA-4481-B848-4CE424ED149C}.Debug|x86.ActiveCfg = Debug|x86
		{85F5EAC2-E0DA-4481-B848-4CE424ED149C}.Debug|x86.Build.0 = Debug|x86
		{85F5EAC2-E0DA-4481-B848-4CE424ED149C}.Debug|x86.Deploy.0 = Debug|x86
		{85F5EAC2-E0DA-4481-B848-4CE424ED149C}.Release|Any CPU.ActiveCfg = Release|x86
		{85F5EAC2-E0DA-4481-B848-4CE424ED149C}.Release|ARM.ActiveCfg = Release|ARM
		{85F5EAC2-E0DA-4481-B848-4CE424ED149C}.Release|ARM.Build.0 = Release|ARM
		{85F5EAC2-E0DA-4481-B848-4CE424ED149C}.Release|ARM.Deploy.0 = Release|ARM
		{85F5EAC2-E0DA-4481-B848-4CE424ED149C}.Release|x64.ActiveCfg = Release|x64
		{85F5EAC2-E0DA-4481-B848-4CE424ED149C}.Release|x64.Build.0 = Release|x64
		{85F5EAC2-E0DA-4481-B848-4CE424ED149C}.Release|x64.Deploy.0 = Release|x64
		{85F5EAC2-E0DA-4481-B848-4CE424ED149C}.Release|x86.ActiveCfg = Release|x86
		{85F5EAC2-E0DA-4481-B848-4CE424ED149C}.Release|x86.Build.0 = Release|x86
		{85F5EAC2-E0DA-4481-B848-4CE424ED149C}.Release|x86.Deploy.0 = Release|x86
	EndGlobalSection
	GlobalSection(SolutionProperties) = preSolution
		HideSolutionNode = FALSE
	EndGlobalSection
EndGlobal
